
Microsoft Visual Studio Solution File, Format Version 11.00
# Visual Studio 2010
Project("{8BC9CEB8-8B4A-11D0-8D11-00A0C91BC942}") = "BlockingQueue", "BlockingQueue\BlockingQueue.vcxproj", "{0656E113-BE8E-4115-9C23-2CC5883353C3}"
EndProject
Project("{8BC9CEB8-8B4A-11D0-8D11-00A0C91BC942}") = "BlockingQueueTest", "BlockingQueueTest\BlockingQueueTest.vcxproj", "{DEB9D76A-E47A-4199-B5D2-B75418724D60}"
EndProject
Project("{2150E333-8FDC-42A3-9474-1A3956D46DE8}") = "Solution Items", "Solution Items", "{60BB4315-066F-4D14-9C4D-1BF6224D1C33}"
	ProjectSection(SolutionItems) = preProject
		BlockingQueue.vsmdi = BlockingQueue.vsmdi
		Local.testsettings = Local.testsettings
		TraceAndTestImpact.testsettings = TraceAndTestImpact.testsettings
	EndProjectSection
EndProject
Project("{8BC9CEB8-8B4A-11D0-8D11-00A0C91BC942}") = "BlockingQueueLauncher", "BlockingQueueLauncher\BlockingQueueLauncher.vcxproj", "{D6DFF352-EEC7-4409-80F8-CD4F8AB7D2AF}"
EndProject
Global
	GlobalSection(TestCaseManagementSettings) = postSolution
		CategoryFile = BlockingQueue.vsmdi
	EndGlobalSection
	GlobalSection(SolutionConfigurationPlatforms) = preSolution
		Debug|Win32 = Debug|Win32
		Release|Win32 = Release|Win32
	EndGlobalSection
	GlobalSection(ProjectConfigurationPlatforms) = postSolution
		{0656E113-BE8E-4115-9C23-2CC5883353C3}.Debug|Win32.ActiveCfg = Debug|Win32
		{0656E113-BE8E-4115-9C23-2CC5883353C3}.Debug|Win32.Build.0 = Debug|Win32
		{0656E113-BE8E-4115-9C23-2CC5883353C3}.Release|Win32.ActiveCfg = Release|Win32
		{0656E113-BE8E-4115-9C23-2CC5883353C3}.Release|Win32.Build.0 = Release|Win32
		{DEB9D76A-E47A-4199-B5D2-B75418724D60}.Debug|Win32.ActiveCfg = Debug|Win32
		{DEB9D76A-E47A-4199-B5D2-B75418724D60}.Debug|Win32.Build.0 = Debug|Win32
		{DEB9D76A-E47A-4199-B5D2-B75418724D60}.Release|Win32.ActiveCfg = Release|Win32
		{DEB9D76A-E47A-4199-B5D2-B75418724D60}.Release|Win32.Build.0 = Release|Win32
		{D6DFF352-EEC7-4409-80F8-CD4F8AB7D2AF}.Debug|Win32.ActiveCfg = Debug|Win32
		{D6DFF352-EEC7-4409-80F8-CD4F8AB7D2AF}.Debug|Win32.Build.0 = Debug|Win32
		{D6DFF352-EEC7-4409-80F8-CD4F8AB7D2AF}.Release|Win32.ActiveCfg = Release|Win32
		{D6DFF352-EEC7-4409-80F8-CD4F8AB7D2AF}.Release|Win32.Build.0 = Release|Win32
	EndGlobalSection
	GlobalSection(SolutionProperties) = preSolution
		HideSolutionNode = FALSE
	EndGlobalSection
EndGlobal
